
Microsoft Visual Studio Solution File, Format Version 12.00
# Visual Studio Version 16
VisualStudioVersion = 16.0.30413.136
MinimumVisualStudioVersion = 10.0.40219.1
Project("{FAE04EC0-301F-11D3-BF4B-00C04F79EFBC}") = "DIS_Assignment1_Fall2020", "DIS_Assignment1_Fall2020.csproj", "{1E0E99A3-2072-446E-8ED9-0B3F1C07E406}"
EndProject
Global
	GlobalSection(SolutionConfigurationPlatforms) = preSolution
		Debug|Any CPU = Debug|Any CPU
		Release|Any CPU = Release|Any CPU
	EndGlobalSection
	GlobalSection(ProjectConfigurationPlatforms) = postSolution
		{1E0E99A3-2072-446E-8ED9-0B3F1C07E406}.Debug|Any CPU.ActiveCfg = Debug|Any CPU
		{1E0E99A3-2072-446E-8ED9-0B3F1C07E406}.Debug|Any CPU.Build.0 = Debug|Any CPU
		{1E0E99A3-2072-446E-8ED9-0B3F1C07E406}.Release|Any CPU.ActiveCfg = Release|Any CPU
		{1E0E99A3-2072-446E-8ED9-0B3F1C07E406}.Release|Any CPU.Build.0 = Release|Any CPU
	EndGlobalSection
	GlobalSection(SolutionProperties) = preSolution
		HideSolutionNode = FALSE
	EndGlobalSection
	GlobalSection(ExtensibilityGlobals) = postSolution
		SolutionGuid = {6397FEBE-8AE1-4CAB-AC4B-63FB54341A9A}
	EndGlobalSection
EndGlobal
